// !$*UTF8*$!
{
	archiveVersion = 1;
	classes = {
	};
	objectVersion = 55;
	objects = {

/* Begin PBXBuildFile section */
		1D73602E27F36ADF0032E670 /* My_AppApp.swift in Sources */ = {isa = PBXBuildFile; fileRef = 1D73602D27F36ADF0032E670 /* My_AppApp.swift */; };
		1D73603027F36ADF0032E670 /* ContentView.swift in Sources */ = {isa = PBXBuildFile; fileRef = 1D73602F27F36ADF0032E670 /* ContentView.swift */; };
		1D73603227F36AE60032E670 /* Assets.xcassets in Resources */ = {isa = PBXBuildFile; fileRef = 1D73603127F36AE60032E670 /* Assets.xcassets */; };
		1D73603527F36AE60032E670 /* Preview Assets.xcassets in Resources */ = {isa = PBXBuildFile; fileRef = 1D73603427F36AE60032E670 /* Preview Assets.xcassets */; };
		1D73603727F36AE60032E670 /* Persistence.swift in Sources */ = {isa = PBXBuildFile; fileRef = 1D73603627F36AE60032E670 /* Persistence.swift */; };
		1D73603A27F36AE60032E670 /* My_App.xcdatamodeld in Sources */ = {isa = PBXBuildFile; fileRef = 1D73603827F36AE60032E670 /* My_App.xcdatamodeld */; };
		1D73604427F36AE70032E670 /* My_AppTests.swift in Sources */ = {isa = PBXBuildFile; fileRef = 1D73604327F36AE70032E670 /* My_AppTests.swift */; };
		1D73604E27F36AE70032E670 /* My_AppUITests.swift in Sources */ = {isa = PBXBuildFile; fileRef = 1D73604D27F36AE70032E670 /* My_AppUITests.swift */; };
		1D73605027F36AE70032E670 /* My_AppUITestsLaunchTests.swift in Sources */ = {isa = PBXBuildFile; fileRef = 1D73604F27F36AE70032E670 /* My_AppUITestsLaunchTests.swift */; };
/* End PBXBuildFile section */

/* Begin PBXContainerItemProxy section */
		1D73604027F36AE70032E670 /* PBXContainerItemProxy */ = {
			isa = PBXContainerItemProxy;
			containerPortal = 1D73602227F36ADF0032E670 /* Project object */;
			proxyType = 1;
			remoteGlobalIDString = 1D73602927F36ADF0032E670;
			remoteInfo = "My App";
		};
		1D73604A27F36AE70032E670 /* PBXContainerItemProxy */ = {
			isa = PBXContainerItemProxy;
			containerPortal = 1D73602227F36ADF0032E670 /* Project object */;
			proxyType = 1;
			remoteGlobalIDString = 1D73602927F36ADF0032E670;
			remoteInfo = "My App";
		};
/* End PBXContainerItemProxy section */

/* Begin PBXFileReference section */
		1D73602A27F36ADF0032E670 /* My App.app */ = {isa = PBXFileReference; explicitFileType = wrapper.application; includeInIndex = 0; path = "My App.app"; sourceTree = BUILT_PRODUCTS_DIR; };
		1D73602D27F36ADF0032E670 /* My_AppApp.swift */ = {isa = PBXFileReference; lastKnownFileType = sourcecode.swift; path = My_AppApp.swift; sourceTree = "<group>"; };
		1D73602F27F36ADF0032E670 /* ContentView.swift */ = {isa = PBXFileReference; lastKnownFileType = sourcecode.swift; path = ContentView.swift; sourceTree = "<group>"; };
		1D73603127F36AE60032E670 /* Assets.xcassets */ = {isa = PBXFileReference; lastKnownFileType = folder.assetcatalog; path = Assets.xcassets; sourceTree = "<group>"; };
		1D73603427F36AE60032E670 /* Preview Assets.xcassets */ = {isa = PBXFileReference; lastKnownFileType = folder.assetcatalog; path = "Preview Assets.xcassets"; sourceTree = "<group>"; };
		1D73603627F36AE60032E670 /* Persistence.swift */ = {isa = PBXFileReference; lastKnownFileType = sourcecode.swift; path = Persistence.swift; sourceTree = "<group>"; };
		1D73603927F36AE60032E670 /* My_App.xcdatamodel */ = {isa = PBXFileReference; lastKnownFileType = wrapper.xcdatamodel; path = My_App.xcdatamodel; sourceTree = "<group>"; };
		1D73603F27F36AE70032E670 /* My AppTests.xctest */ = {isa = PBXFileReference; explicitFileType = wrapper.cfbundle; includeInIndex = 0; path = "My AppTests.xctest"; sourceTree = BUILT_PRODUCTS_DIR; };
		1D73604327F36AE70032E670 /* My_AppTests.swift */ = {isa = PBXFileReference; lastKnownFileType = sourcecode.swift; path = My_AppTests.swift; sourceTree = "<group>"; };
		1D73604927F36AE70032E670 /* My AppUITests.xctest */ = {isa = PBXFileReference; explicitFileType = wrapper.cfbundle; includeInIndex = 0; path = "My AppUITests.xctest"; sourceTree = BUILT_PRODUCTS_DIR; };
		1D73604D27F36AE70032E670 /* My_AppUITests.swift */ = {isa = PBXFileReference; lastKnownFileType = sourcecode.swift; path = My_AppUITests.swift; sourceTree = "<group>"; };
		1D73604F27F36AE70032E670 /* My_AppUITestsLaunchTests.swift */ = {isa = PBXFileReference; lastKnownFileType = sourcecode.swift; path = My_AppUITestsLaunchTests.swift; sourceTree = "<group>"; };
/* End PBXFileReference section */

/* Begin PBXFrameworksBuildPhase section */
		1D73602727F36ADF0032E670 /* Frameworks */ = {
			isa = PBXFrameworksBuildPhase;
			buildActionMask = 2147483647;
			files = (
			);
			runOnlyForDeploymentPostprocessing = 0;
		};
		1D73603C27F36AE70032E670 /* Frameworks */ = {
			isa = PBXFrameworksBuildPhase;
			buildActionMask = 2147483647;
			files = (
			);
			runOnlyForDeploymentPostprocessing = 0;
		};
		1D73604627F36AE70032E670 /* Frameworks */ = {
			isa = PBXFrameworksBuildPhase;
			buildActionMask = 2147483647;
			files = (
			);
			runOnlyForDeploymentPostprocessing = 0;
		};
/* End PBXFrameworksBuildPhase section */

/* Begin PBXGroup section */
		1D73602127F36ADF0032E670 = {
			isa = PBXGroup;
			children = (
				1D73602C27F36ADF0032E670 /* My App */,
				1D73604227F36AE70032E670 /* My AppTests */,
				1D73604C27F36AE70032E670 /* My AppUITests */,
				1D73602B27F36ADF0032E670 /* Products */,
			);
			sourceTree = "<group>";
		};
		1D73602B27F36ADF0032E670 /* Products */ = {
			isa = PBXGroup;
			children = (
				1D73602A27F36ADF0032E670 /* My App.app */,
				1D73603F27F36AE70032E670 /* My AppTests.xctest */,
				1D73604927F36AE70032E670 /* My AppUITests.xctest */,
			);
			name = Products;
			sourceTree = "<group>";
		};
		1D73602C27F36ADF0032E670 /* My App */ = {
			isa = PBXGroup;
			children = (
				1D73602D27F36ADF0032E670 /* My_AppApp.swift */,
				1D73602F27F36ADF0032E670 /* ContentView.swift */,
				1D73603127F36AE60032E670 /* Assets.xcassets */,
				1D73603627F36AE60032E670 /* Persistence.swift */,
				1D73603827F36AE60032E670 /* My_App.xcdatamodeld */,
				1D73603327F36AE60032E670 /* Preview Content */,
			);
			path = "My App";
			sourceTree = "<group>";
		};
		1D73603327F36AE60032E670 /* Preview Content */ = {
			isa = PBXGroup;
			children = (
				1D73603427F36AE60032E670 /* Preview Assets.xcassets */,
			);
			path = "Preview Content";
			sourceTree = "<group>";
		};
		1D73604227F36AE70032E670 /* My AppTests */ = {
			isa = PBXGroup;
			children = (
				1D73604327F36AE70032E670 /* My_AppTests.swift */,
			);
			path = "My AppTests";
			sourceTree = "<group>";
		};
		1D73604C27F36AE70032E670 /* My AppUITests */ = {
			isa = PBXGroup;
			children = (
				1D73604D27F36AE70032E670 /* My_AppUITests.swift */,
				1D73604F27F36AE70032E670 /* My_AppUITestsLaunchTests.swift */,
			);
			path = "My AppUITests";
			sourceTree = "<group>";
		};
/* End PBXGroup section */

/* Begin PBXNativeTarget section */
		1D73602927F36ADF0032E670 /* My App */ = {
			isa = PBXNativeTarget;
			buildConfigurationList = 1D73605327F36AE70032E670 /* Build configuration list for PBXNativeTarget "My App" */;
			buildPhases = (
				1D73602627F36ADF0032E670 /* Sources */,
				1D73602727F36ADF0032E670 /* Frameworks */,
				1D73602827F36ADF0032E670 /* Resources */,
			);
			buildRules = (
			);
			dependencies = (
			);
			name = "My App";
			productName = "My App";
			productReference = 1D73602A27F36ADF0032E670 /* My App.app */;
			productType = "com.apple.product-type.application";
		};
		1D73603E27F36AE70032E670 /* My AppTests */ = {
			isa = PBXNativeTarget;
			buildConfigurationList = 1D73605627F36AE70032E670 /* Build configuration list for PBXNativeTarget "My AppTests" */;
			buildPhases = (
				1D73603B27F36AE70032E670 /* Sources */,
				1D73603C27F36AE70032E670 /* Frameworks */,
				1D73603D27F36AE70032E670 /* Resources */,
			);
			buildRules = (
			);
			dependencies = (
				1D73604127F36AE70032E670 /* PBXTargetDependency */,
			);
			name = "My AppTests";
			productName = "My AppTests";
			productReference = 1D73603F27F36AE70032E670 /* My AppTests.xctest */;
			productType = "com.apple.product-type.bundle.unit-test";
		};
		1D73604827F36AE70032E670 /* My AppUITests */ = {
			isa = PBXNativeTarget;
			buildConfigurationList = 1D73605927F36AE70032E670 /* Build configuration list for PBXNativeTarget "My AppUITests" */;
			buildPhases = (
				1D73604527F36AE70032E670 /* Sources */,
				1D73604627F36AE70032E670 /* Frameworks */,
				1D73604727F36AE70032E670 /* Resources */,
			);
			buildRules = (
			);
			dependencies = (
				1D73604B27F36AE70032E670 /* PBXTargetDependency */,
			);
			name = "My AppUITests";
			productName = "My AppUITests";
			productReference = 1D73604927F36AE70032E670 /* My AppUITests.xctest */;
			productType = "com.apple.product-type.bundle.ui-testing";
		};
/* End PBXNativeTarget section */

/* Begin PBXProject section */
		1D73602227F36ADF0032E670 /* Project object */ = {
			isa = PBXProject;
			attributes = {
				BuildIndependentTargetsInParallel = 1;
				LastSwiftUpdateCheck = 1330;
				LastUpgradeCheck = 1330;
				TargetAttributes = {
					1D73602927F36ADF0032E670 = {
						CreatedOnToolsVersion = 13.3;
					};
					1D73603E27F36AE70032E670 = {
						CreatedOnToolsVersion = 13.3;
						TestTargetID = 1D73602927F36ADF0032E670;
					};
					1D73604827F36AE70032E670 = {
						CreatedOnToolsVersion = 13.3;
						TestTargetID = 1D73602927F36ADF0032E670;
					};
				};
			};
			buildConfigurationList = 1D73602527F36ADF0032E670 /* Build configuration list for PBXProject "My App" */;
			compatibilityVersion = "Xcode 13.0";
			developmentRegion = en;
			hasScannedForEncodings = 0;
			knownRegions = (
				en,
				Base,
			);
			mainGroup = 1D73602127F36ADF0032E670;
			productRefGroup = 1D73602B27F36ADF0032E670 /* Products */;
			projectDirPath = "";
			projectRoot = "";
			targets = (
				1D73602927F36ADF0032E670 /* My App */,
				1D73603E27F36AE70032E670 /* My AppTests */,
				1D73604827F36AE70032E670 /* My AppUITests */,
			);
		};
/* End PBXProject section */

/* Begin PBXResourcesBuildPhase section */
		1D73602827F36ADF0032E670 /* Resources */ = {
			isa = PBXResourcesBuildPhase;
			buildActionMask = 2147483647;
			files = (
				1D73603527F36AE60032E670 /* Preview Assets.xcassets in Resources */,
				1D73603227F36AE60032E670 /* Assets.xcassets in Resources */,
			);
			runOnlyForDeploymentPostprocessing = 0;
		};
		1D73603D27F36AE70032E670 /* Resources */ = {
			isa = PBXResourcesBuildPhase;
			buildActionMask = 2147483647;
			files = (
			);
			runOnlyForDeploymentPostprocessing = 0;
		};
		1D73604727F36AE70032E670 /* Resources */ = {
			isa = PBXResourcesBuildPhase;
			buildActionMask = 2147483647;
			files = (
			);
			runOnlyForDeploymentPostprocessing = 0;
		};
/* End PBXResourcesBuildPhase section */

/* Begin PBXSourcesBuildPhase section */
		1D73602627F36ADF0032E670 /* Sources */ = {
			isa = PBXSourcesBuildPhase;
			buildActionMask = 2147483647;
			files = (
				1D73603727F36AE60032E670 /* Persistence.swift in Sources */,
				1D73603A27F36AE60032E670 /* My_App.xcdatamodeld in Sources */,
				1D73603027F36ADF0032E670 /* ContentView.swift in Sources */,
				1D73602E27F36ADF0032E670 /* My_AppApp.swift in Sources */,
			);
			runOnlyForDeploymentPostprocessing = 0;
		};
		1D73603B27F36AE70032E670 /* Sources */ = {
			isa = PBXSourcesBuildPhase;
			buildActionMask = 2147483647;
			files = (
				1D73604427F36AE70032E670 /* My_AppTests.swift in Sources */,
			);
			runOnlyForDeploymentPostprocessing = 0;
		};
		1D73604527F36AE70032E670 /* Sources */ = {
			isa = PBXSourcesBuildPhase;
			buildActionMask = 2147483647;
			files = (
				1D73605027F36AE70032E670 /* My_AppUITestsLaunchTests.swift in Sources */,
				1D73604E27F36AE70032E670 /* My_AppUITests.swift in Sources */,
			);
			runOnlyForDeploymentPostprocessing = 0;
		};
/* End PBXSourcesBuildPhase section */

/* Begin PBXTargetDependency section */
		1D73604127F36AE70032E670 /* PBXTargetDependency */ = {
			isa = PBXTargetDependency;
			target = 1D73602927F36ADF0032E670 /* My App */;
			targetProxy = 1D73604027F36AE70032E670 /* PBXContainerItemProxy */;
		};
		1D73604B27F36AE70032E670 /* PBXTargetDependency */ = {
			isa = PBXTargetDependency;
			target = 1D73602927F36ADF0032E670 /* My App */;
			targetProxy = 1D73604A27F36AE70032E670 /* PBXContainerItemProxy */;
		};
/* End PBXTargetDependency section */

/* Begin XCBuildConfiguration section */
		1D73605127F36AE70032E670 /* Debug */ = {
			isa = XCBuildConfiguration;
			buildSettings = {
				ALWAYS_SEARCH_USER_PATHS = NO;
				CLANG_ANALYZER_NONNULL = YES;
				CLANG_ANALYZER_NUMBER_OBJECT_CONVERSION = YES_AGGRESSIVE;
				CLANG_CXX_LANGUAGE_STANDARD = "gnu++17";
				CLANG_ENABLE_MODULES = YES;
				CLANG_ENABLE_OBJC_ARC = YES;
				CLANG_ENABLE_OBJC_WEAK = YES;
				CLANG_WARN_BLOCK_CAPTURE_AUTORELEASING = YES;
				CLANG_WARN_BOOL_CONVERSION = YES;
				CLANG_WARN_COMMA = YES;
				CLANG_WARN_CONSTANT_CONVERSION = YES;
				CLANG_WARN_DEPRECATED_OBJC_IMPLEMENTATIONS = YES;
				CLANG_WARN_DIRECT_OBJC_ISA_USAGE = YES_ERROR;
				CLANG_WARN_DOCUMENTATION_COMMENTS = YES;
				CLANG_WARN_EMPTY_BODY = YES;
				CLANG_WARN_ENUM_CONVERSION = YES;
				CLANG_WARN_INFINITE_RECURSION = YES;
				CLANG_WARN_INT_CONVERSION = YES;
				CLANG_WARN_NON_LITERAL_NULL_CONVERSION = YES;
				CLANG_WARN_OBJC_IMPLICIT_RETAIN_SELF = YES;
				CLANG_WARN_OBJC_LITERAL_CONVERSION = YES;
				CLANG_WARN_OBJC_ROOT_CLASS = YES_ERROR;
				CLANG_WARN_QUOTED_INCLUDE_IN_FRAMEWORK_HEADER = YES;
				CLANG_WARN_RANGE_LOOP_ANALYSIS = YES;
				CLANG_WARN_STRICT_PROTOTYPES = YES;
				CLANG_WARN_SUSPICIOUS_MOVE = YES;
				CLANG_WARN_UNGUARDED_AVAILABILITY = YES_AGGRESSIVE;
				CLANG_WARN_UNREACHABLE_CODE = YES;
				CLANG_WARN__DUPLICATE_METHOD_MATCH = YES;
				COPY_PHASE_STRIP = NO;
				DEBUG_INFORMATION_FORMAT = dwarf;
				ENABLE_STRICT_OBJC_MSGSEND = YES;
				ENABLE_TESTABILITY = YES;
				GCC_C_LANGUAGE_STANDARD = gnu11;
				GCC_DYNAMIC_NO_PIC = NO;
				GCC_NO_COMMON_BLOCKS = YES;
				GCC_OPTIMIZATION_LEVEL = 0;
				GCC_PREPROCESSOR_DEFINITIONS = (
					"DEBUG=1",
					"$(inherited)",
				);
				GCC_WARN_64_TO_32_BIT_CONVERSION = YES;
				GCC_WARN_ABOUT_RETURN_TYPE = YES_ERROR;
				GCC_WARN_UNDECLARED_SELECTOR = YES;
				GCC_WARN_UNINITIALIZED_AUTOS = YES_AGGRESSIVE;
				GCC_WARN_UNUSED_FUNCTION = YES;
				GCC_WARN_UNUSED_VARIABLE = YES;
				IPHONEOS_DEPLOYMENT_TARGET = 15.4;
				MTL_ENABLE_DEBUG_INFO = INCLUDE_SOURCE;
				MTL_FAST_MATH = YES;
				ONLY_ACTIVE_ARCH = YES;
				SDKROOT = iphoneos;
				SWIFT_ACTIVE_COMPILATION_CONDITIONS = DEBUG;
				SWIFT_OPTIMIZATION_LEVEL = "-Onone";
			};
			name = Debug;
		};
		1D73605227F36AE70032E670 /* Release */ = {
			isa = XCBuildConfiguration;
			buildSettings = {
				ALWAYS_SEARCH_USER_PATHS = NO;
				CLANG_ANALYZER_NONNULL = YES;
				CLANG_ANALYZER_NUMBER_OBJECT_CONVERSION = YES_AGGRESSIVE;
				CLANG_CXX_LANGUAGE_STANDARD = "gnu++17";
				CLANG_ENABLE_MODULES = YES;
				CLANG_ENABLE_OBJC_ARC = YES;
				CLANG_ENABLE_OBJC_WEAK = YES;
				CLANG_WARN_BLOCK_CAPTURE_AUTORELEASING = YES;
				CLANG_WARN_BOOL_CONVERSION = YES;
				CLANG_WARN_COMMA = YES;
				CLANG_WARN_CONSTANT_CONVERSION = YES;
				CLANG_WARN_DEPRECATED_OBJC_IMPLEMENTATIONS = YES;
				CLANG_WARN_DIRECT_OBJC_ISA_USAGE = YES_ERROR;
				CLANG_WARN_DOCUMENTATION_COMMENTS = YES;
				CLANG_WARN_EMPTY_BODY = YES;
				CLANG_WARN_ENUM_CONVERSION = YES;
				CLANG_WARN_INFINITE_RECURSION = YES;
				CLANG_WARN_INT_CONVERSION = YES;
				CLANG_WARN_NON_LITERAL_NULL_CONVERSION = YES;
				CLANG_WARN_OBJC_IMPLICIT_RETAIN_SELF = YES;
				CLANG_WARN_OBJC_LITERAL_CONVERSION = YES;
				CLANG_WARN_OBJC_ROOT_CLASS = YES_ERROR;
				CLANG_WARN_QUOTED_INCLUDE_IN_FRAMEWORK_HEADER = YES;
				CLANG_WARN_RANGE_LOOP_ANALYSIS = YES;
				CLANG_WARN_STRICT_PROTOTYPES = YES;
				CLANG_WARN_SUSPICIOUS_MOVE = YES;
				CLANG_WARN_UNGUARDED_AVAILABILITY = YES_AGGRESSIVE;
				CLANG_WARN_UNREACHABLE_CODE = YES;
				CLANG_WARN__DUPLICATE_METHOD_MATCH = YES;
				COPY_PHASE_STRIP = NO;
				DEBUG_INFORMATION_FORMAT = "dwarf-with-dsym";
				ENABLE_NS_ASSERTIONS = NO;
				ENABLE_STRICT_OBJC_MSGSEND = YES;
				GCC_C_LANGUAGE_STANDARD = gnu11;
				GCC_NO_COMMON_BLOCKS = YES;
				GCC_WARN_64_TO_32_BIT_CONVERSION = YES;
				GCC_WARN_ABOUT_RETURN_TYPE = YES_ERROR;
				GCC_WARN_UNDECLARED_SELECTOR = YES;
				GCC_WARN_UNINITIALIZED_AUTOS = YES_AGGRESSIVE;
				GCC_WARN_UNUSED_FUNCTION = YES;
				GCC_WARN_UNUSED_VARIABLE = YES;
				IPHONEOS_DEPLOYMENT_TARGET = 15.4;
				MTL_ENABLE_DEBUG_INFO = NO;
				MTL_FAST_MATH = YES;
				SDKROOT = iphoneos;
				SWIFT_COMPILATION_MODE = wholemodule;
				SWIFT_OPTIMIZATION_LEVEL = "-O";
				VALIDATE_PRODUCT = YES;
			};
			name = Release;
		};
		1D73605427F36AE70032E670 /* Debug */ = {
			isa = XCBuildConfiguration;
			buildSettings = {
				ASSETCATALOG_COMPILER_APPICON_NAME = AppIcon;
				ASSETCATALOG_COMPILER_GLOBAL_ACCENT_COLOR_NAME = AccentColor;
				CODE_SIGN_STYLE = Automatic;
				CURRENT_PROJECT_VERSION = 1;
				DEVELOPMENT_ASSET_PATHS = "\"My App/Preview Content\"";
				DEVELOPMENT_TEAM = YQZJF26P66;
				ENABLE_PREVIEWS = YES;
				GENERATE_INFOPLIST_FILE = YES;
				INFOPLIST_KEY_UIApplicationSceneManifest_Generation = YES;
				INFOPLIST_KEY_UIApplicationSupportsIndirectInputEvents = YES;
				INFOPLIST_KEY_UILaunchScreen_Generation = YES;
				INFOPLIST_KEY_UISupportedInterfaceOrientations_iPad = "UIInterfaceOrientationPortrait UIInterfaceOrientationPortraitUpsideDown UIInterfaceOrientationLandscapeLeft UIInterfaceOrientationLandscapeRight";
				INFOPLIST_KEY_UISupportedInterfaceOrientations_iPhone = "UIInterfaceOrientationPortrait UIInterfaceOrientationLandscapeLeft UIInterfaceOrientationLandscapeRight";
				LD_RUNPATH_SEARCH_PATHS = (
					"$(inherited)",
					"@executable_path/Frameworks",
				);
				MARKETING_VERSION = 1.0;
				PRODUCT_BUNDLE_IDENTIFIER = "CS2420.My-App";
				PRODUCT_NAME = "$(TARGET_NAME)";
				SWIFT_EMIT_LOC_STRINGS = YES;
				SWIFT_VERSION = 5.0;
				TARGETED_DEVICE_FAMILY = "1,2";
			};
			name = Debug;
		};
		1D73605527F36AE70032E670 /* Release */ = {
			isa = XCBuildConfiguration;
			buildSettings = {
				ASSETCATALOG_COMPILER_APPICON_NAME = AppIcon;
				ASSETCATALOG_COMPILER_GLOBAL_ACCENT_COLOR_NAME = AccentColor;
				CODE_SIGN_STYLE = Automatic;
				CURRENT_PROJECT_VERSION = 1;
				DEVELOPMENT_ASSET_PATHS = "\"My App/Preview Content\"";
				DEVELOPMENT_TEAM = YQZJF26P66;
				ENABLE_PREVIEWS = YES;
				GENERATE_INFOPLIST_FILE = YES;
				INFOPLIST_KEY_UIApplicationSceneManifest_Generation = YES;
				INFOPLIST_KEY_UIApplicationSupportsIndirectInputEvents = YES;
				INFOPLIST_KEY_UILaunchScreen_Generation = YES;
				INFOPLIST_KEY_UISupportedInterfaceOrientations_iPad = "UIInterfaceOrientationPortrait UIInterfaceOrientationPortraitUpsideDown UIInterfaceOrientationLandscapeLeft UIInterfaceOrientationLandscapeRight";
				INFOPLIST_KEY_UISupportedInterfaceOrientations_iPhone = "UIInterfaceOrientationPortrait UIInterfaceOrientationLandscapeLeft UIInterfaceOrientationLandscapeRight";
				LD_RUNPATH_SEARCH_PATHS = (
					"$(inherited)",
					"@executable_path/Frameworks",
				);
				MARKETING_VERSION = 1.0;
				PRODUCT_BUNDLE_IDENTIFIER = "CS2420.My-App";
				PRODUCT_NAME = "$(TARGET_NAME)";
				SWIFT_EMIT_LOC_STRINGS = YES;
				SWIFT_VERSION = 5.0;
				TARGETED_DEVICE_FAMILY = "1,2";
			};
			name = Release;
		};
		1D73605727F36AE70032E670 /* Debug */ = {
			isa = XCBuildConfiguration;
			buildSettings = {
				ALWAYS_EMBED_SWIFT_STANDARD_LIBRARIES = YES;
				BUNDLE_LOADER = "$(TEST_HOST)";
				CODE_SIGN_STYLE = Automatic;
				CURRENT_PROJECT_VERSION = 1;
				DEVELOPMENT_TEAM = YQZJF26P66;
				GENERATE_INFOPLIST_FILE = YES;
				IPHONEOS_DEPLOYMENT_TARGET = 15.4;
				MARKETING_VERSION = 1.0;
				PRODUCT_BUNDLE_IDENTIFIER = "CS2420.My-AppTests";
				PRODUCT_NAME = "$(TARGET_NAME)";
				SWIFT_EMIT_LOC_STRINGS = NO;
				SWIFT_VERSION = 5.0;
				TARGETED_DEVICE_FAMILY = "1,2";
				TEST_HOST = "$(BUILT_PRODUCTS_DIR)/My App.app/My App";
			};
			name = Debug;
		};
		1D73605827F36AE70032E670 /* Release */ = {
			isa = XCBuildConfiguration;
			buildSettings = {
				ALWAYS_EMBED_SWIFT_STANDARD_LIBRARIES = YES;
				BUNDLE_LOADER = "$(TEST_HOST)";
				CODE_SIGN_STYLE = Automatic;
				CURRENT_PROJECT_VERSION = 1;
				DEVELOPMENT_TEAM = YQZJF26P66;
				GENERATE_INFOPLIST_FILE = YES;
				IPHONEOS_DEPLOYMENT_TARGET = 15.4;
				MARKETING_VERSION = 1.0;
				PRODUCT_BUNDLE_IDENTIFIER = "CS2420.My-AppTests";
				PRODUCT_NAME = "$(TARGET_NAME)";
				SWIFT_EMIT_LOC_STRINGS = NO;
				SWIFT_VERSION = 5.0;
				TARGETED_DEVICE_FAMILY = "1,2";
				TEST_HOST = "$(BUILT_PRODUCTS_DIR)/My App.app/My App";
			};
			name = Release;
		};
		1D73605A27F36AE70032E670 /* Debug */ = {
			isa = XCBuildConfiguration;
			buildSettings = {
				ALWAYS_EMBED_SWIFT_STANDARD_LIBRARIES = YES;
				CODE_SIGN_STYLE = Automatic;
				CURRENT_PROJECT_VERSION = 1;
				DEVELOPMENT_TEAM = YQZJF26P66;
				GENERATE_INFOPLIST_FILE = YES;
				MARKETING_VERSION = 1.0;
				PRODUCT_BUNDLE_IDENTIFIER = "CS2420.My-AppUITests";
				PRODUCT_NAME = "$(TARGET_NAME)";
				SWIFT_EMIT_LOC_STRINGS = NO;
				SWIFT_VERSION = 5.0;
				TARGETED_DEVICE_FAMILY = "1,2";
				TEST_TARGET_NAME = "My App";
			};
			name = Debug;
		};
		1D73605B27F36AE70032E670 /* Release */ = {
			isa = XCBuildConfiguration;
			buildSettings = {
				ALWAYS_EMBED_SWIFT_STANDARD_LIBRARIES = YES;
				CODE_SIGN_STYLE = Automatic;
				CURRENT_PROJECT_VERSION = 1;
				DEVELOPMENT_TEAM = YQZJF26P66;
				GENERATE_INFOPLIST_FILE = YES;
				MARKETING_VERSION = 1.0;
				PRODUCT_BUNDLE_IDENTIFIER = "CS2420.My-AppUITests";
				PRODUCT_NAME = "$(TARGET_NAME)";
				SWIFT_EMIT_LOC_STRINGS = NO;
				SWIFT_VERSION = 5.0;
				TARGETED_DEVICE_FAMILY = "1,2";
				TEST_TARGET_NAME = "My App";
			};
			name = Release;
		};
/* End XCBuildConfiguration section */

/* Begin XCConfigurationList section */
		1D73602527F36ADF0032E670 /* Build configuration list for PBXProject "My App" */ = {
			isa = XCConfigurationList;
			buildConfigurations = (
				1D73605127F36AE70032E670 /* Debug */,
				1D73605227F36AE70032E670 /* Release */,
			);
			defaultConfigurationIsVisible = 0;
			defaultConfigurationName = Release;
		};
		1D73605327F36AE70032E670 /* Build configuration list for PBXNativeTarget "My App" */ = {
			isa = XCConfigurationList;
			buildConfigurations = (
				1D73605427F36AE70032E670 /* Debug */,
				1D73605527F36AE70032E670 /* Release */,
			);
			defaultConfigurationIsVisible = 0;
			defaultConfigurationName = Release;
		};
		1D73605627F36AE70032E670 /* Build configuration list for PBXNativeTarget "My AppTests" */ = {
			isa = XCConfigurationList;
			buildConfigurations = (
				1D73605727F36AE70032E670 /* Debug */,
				1D73605827F36AE70032E670 /* Release */,
			);
			defaultConfigurationIsVisible = 0;
			defaultConfigurationName = Release;
		};
		1D73605927F36AE70032E670 /* Build configuration list for PBXNativeTarget "My AppUITests" */ = {
			isa = XCConfigurationList;
			buildConfigurations = (
				1D73605A27F36AE70032E670 /* Debug */,
				1D73605B27F36AE70032E670 /* Release */,
			);
			defaultConfigurationIsVisible = 0;
			defaultConfigurationName = Release;
		};
/* End XCConfigurationList section */

/* Begin XCVersionGroup section */
		1D73603827F36AE60032E670 /* My_App.xcdatamodeld */ = {
			isa = XCVersionGroup;
			children = (
				1D73603927F36AE60032E670 /* My_App.xcdatamodel */,
			);
			currentVersion = 1D73603927F36AE60032E670 /* My_App.xcdatamodel */;
			path = My_App.xcdatamodeld;
			sourceTree = "<group>";
			versionGroupType = wrapper.xcdatamodel;
		};
/* End XCVersionGroup section */
	};
	rootObject = 1D73602227F36ADF0032E670 /* Project object */;
}
