// !$*UTF8*$!
{
	archiveVersion = 1;
	classes = {
	};
	objectVersion = 55;
	objects = {

/* Begin PBXBuildFile section */
		1DE6665927F0DE5500B97A04 /* CapstonTest2App.swift in Sources */ = {isa = PBXBuildFile; fileRef = 1DE6665827F0DE5500B97A04 /* CapstonTest2App.swift */; };
		1DE6665B27F0DE5500B97A04 /* ContentView.swift in Sources */ = {isa = PBXBuildFile; fileRef = 1DE6665A27F0DE5500B97A04 /* ContentView.swift */; };
		1DE6665D27F0DE5800B97A04 /* Assets.xcassets in Resources */ = {isa = PBXBuildFile; fileRef = 1DE6665C27F0DE5800B97A04 /* Assets.xcassets */; };
		1DE6666027F0DE5800B97A04 /* Preview Assets.xcassets in Resources */ = {isa = PBXBuildFile; fileRef = 1DE6665F27F0DE5800B97A04 /* Preview Assets.xcassets */; };
		1DE6666A27F0DE5800B97A04 /* CapstonTest2Tests.swift in Sources */ = {isa = PBXBuildFile; fileRef = 1DE6666927F0DE5800B97A04 /* CapstonTest2Tests.swift */; };
		1DE6667427F0DE5800B97A04 /* CapstonTest2UITests.swift in Sources */ = {isa = PBXBuildFile; fileRef = 1DE6667327F0DE5800B97A04 /* CapstonTest2UITests.swift */; };
		1DE6667627F0DE5800B97A04 /* CapstonTest2UITestsLaunchTests.swift in Sources */ = {isa = PBXBuildFile; fileRef = 1DE6667527F0DE5800B97A04 /* CapstonTest2UITestsLaunchTests.swift */; };
		1DE6668327F0E0BB00B97A04 /* CircleImage.swift in Sources */ = {isa = PBXBuildFile; fileRef = 1DE6668227F0E0BB00B97A04 /* CircleImage.swift */; };
		1DE6668527F0E17F00B97A04 /* MapView.swift in Sources */ = {isa = PBXBuildFile; fileRef = 1DE6668427F0E17F00B97A04 /* MapView.swift */; };
		1DE6668727F26F0F00B97A04 /* landmarkData.json in Resources */ = {isa = PBXBuildFile; fileRef = 1DE6668627F26F0E00B97A04 /* landmarkData.json */; };
		1DE6668927F26F3800B97A04 /* Landmark.swift in Sources */ = {isa = PBXBuildFile; fileRef = 1DE6668827F26F3800B97A04 /* Landmark.swift */; };
		1DE6668B27F2710600B97A04 /* ModelData.swift in Sources */ = {isa = PBXBuildFile; fileRef = 1DE6668A27F2710600B97A04 /* ModelData.swift */; };
		1DE6669027F271BC00B97A04 /* LandmarkRow.swift in Sources */ = {isa = PBXBuildFile; fileRef = 1DE6668F27F271BC00B97A04 /* LandmarkRow.swift */; };
		1DE6669227F273DB00B97A04 /* LandmarkList.swift in Sources */ = {isa = PBXBuildFile; fileRef = 1DE6669127F273DB00B97A04 /* LandmarkList.swift */; };
		1DE6669427F274F200B97A04 /* LandmarkDetail.swift in Sources */ = {isa = PBXBuildFile; fileRef = 1DE6669327F274F200B97A04 /* LandmarkDetail.swift */; };
/* End PBXBuildFile section */

/* Begin PBXContainerItemProxy section */
		1DE6666627F0DE5800B97A04 /* PBXContainerItemProxy */ = {
			isa = PBXContainerItemProxy;
			containerPortal = 1DE6664D27F0DE5500B97A04 /* Project object */;
			proxyType = 1;
			remoteGlobalIDString = 1DE6665427F0DE5500B97A04;
			remoteInfo = CapstonTest2;
		};
		1DE6667027F0DE5800B97A04 /* PBXContainerItemProxy */ = {
			isa = PBXContainerItemProxy;
			containerPortal = 1DE6664D27F0DE5500B97A04 /* Project object */;
			proxyType = 1;
			remoteGlobalIDString = 1DE6665427F0DE5500B97A04;
			remoteInfo = CapstonTest2;
		};
/* End PBXContainerItemProxy section */

/* Begin PBXFileReference section */
		1DE6665527F0DE5500B97A04 /* CapstonTest2.app */ = {isa = PBXFileReference; explicitFileType = wrapper.application; includeInIndex = 0; path = CapstonTest2.app; sourceTree = BUILT_PRODUCTS_DIR; };
		1DE6665827F0DE5500B97A04 /* CapstonTest2App.swift */ = {isa = PBXFileReference; lastKnownFileType = sourcecode.swift; path = CapstonTest2App.swift; sourceTree = "<group>"; };
		1DE6665A27F0DE5500B97A04 /* ContentView.swift */ = {isa = PBXFileReference; lastKnownFileType = sourcecode.swift; path = ContentView.swift; sourceTree = "<group>"; };
		1DE6665C27F0DE5800B97A04 /* Assets.xcassets */ = {isa = PBXFileReference; lastKnownFileType = folder.assetcatalog; path = Assets.xcassets; sourceTree = "<group>"; };
		1DE6665F27F0DE5800B97A04 /* Preview Assets.xcassets */ = {isa = PBXFileReference; lastKnownFileType = folder.assetcatalog; path = "Preview Assets.xcassets"; sourceTree = "<group>"; };
		1DE6666527F0DE5800B97A04 /* CapstonTest2Tests.xctest */ = {isa = PBXFileReference; explicitFileType = wrapper.cfbundle; includeInIndex = 0; path = CapstonTest2Tests.xctest; sourceTree = BUILT_PRODUCTS_DIR; };
		1DE6666927F0DE5800B97A04 /* CapstonTest2Tests.swift */ = {isa = PBXFileReference; lastKnownFileType = sourcecode.swift; path = CapstonTest2Tests.swift; sourceTree = "<group>"; };
		1DE6666F27F0DE5800B97A04 /* CapstonTest2UITests.xctest */ = {isa = PBXFileReference; explicitFileType = wrapper.cfbundle; includeInIndex = 0; path = CapstonTest2UITests.xctest; sourceTree = BUILT_PRODUCTS_DIR; };
		1DE6667327F0DE5800B97A04 /* CapstonTest2UITests.swift */ = {isa = PBXFileReference; lastKnownFileType = sourcecode.swift; path = CapstonTest2UITests.swift; sourceTree = "<group>"; };
		1DE6667527F0DE5800B97A04 /* CapstonTest2UITestsLaunchTests.swift */ = {isa = PBXFileReference; lastKnownFileType = sourcecode.swift; path = CapstonTest2UITestsLaunchTests.swift; sourceTree = "<group>"; };
		1DE6668227F0E0BB00B97A04 /* CircleImage.swift */ = {isa = PBXFileReference; lastKnownFileType = sourcecode.swift; path = CircleImage.swift; sourceTree = "<group>"; };
		1DE6668427F0E17F00B97A04 /* MapView.swift */ = {isa = PBXFileReference; lastKnownFileType = sourcecode.swift; path = MapView.swift; sourceTree = "<group>"; };
		1DE6668627F26F0E00B97A04 /* landmarkData.json */ = {isa = PBXFileReference; fileEncoding = 4; lastKnownFileType = text.json; path = landmarkData.json; sourceTree = "<group>"; };
		1DE6668827F26F3800B97A04 /* Landmark.swift */ = {isa = PBXFileReference; lastKnownFileType = sourcecode.swift; path = Landmark.swift; sourceTree = "<group>"; };
		1DE6668A27F2710600B97A04 /* ModelData.swift */ = {isa = PBXFileReference; lastKnownFileType = sourcecode.swift; path = ModelData.swift; sourceTree = "<group>"; };
		1DE6668F27F271BC00B97A04 /* LandmarkRow.swift */ = {isa = PBXFileReference; lastKnownFileType = sourcecode.swift; path = LandmarkRow.swift; sourceTree = "<group>"; };
		1DE6669127F273DB00B97A04 /* LandmarkList.swift */ = {isa = PBXFileReference; lastKnownFileType = sourcecode.swift; path = LandmarkList.swift; sourceTree = "<group>"; };
		1DE6669327F274F200B97A04 /* LandmarkDetail.swift */ = {isa = PBXFileReference; lastKnownFileType = sourcecode.swift; path = LandmarkDetail.swift; sourceTree = "<group>"; };
/* End PBXFileReference section */

/* Begin PBXFrameworksBuildPhase section */
		1DE6665227F0DE5500B97A04 /* Frameworks */ = {
			isa = PBXFrameworksBuildPhase;
			buildActionMask = 2147483647;
			files = (
			);
			runOnlyForDeploymentPostprocessing = 0;
		};
		1DE6666227F0DE5800B97A04 /* Frameworks */ = {
			isa = PBXFrameworksBuildPhase;
			buildActionMask = 2147483647;
			files = (
			);
			runOnlyForDeploymentPostprocessing = 0;
		};
		1DE6666C27F0DE5800B97A04 /* Frameworks */ = {
			isa = PBXFrameworksBuildPhase;
			buildActionMask = 2147483647;
			files = (
			);
			runOnlyForDeploymentPostprocessing = 0;
		};
/* End PBXFrameworksBuildPhase section */

/* Begin PBXGroup section */
		1DE6664C27F0DE5500B97A04 = {
			isa = PBXGroup;
			children = (
				1DE6665727F0DE5500B97A04 /* CapstonTest2 */,
				1DE6666827F0DE5800B97A04 /* CapstonTest2Tests */,
				1DE6667227F0DE5800B97A04 /* CapstonTest2UITests */,
				1DE6665627F0DE5500B97A04 /* Products */,
			);
			sourceTree = "<group>";
		};
		1DE6665627F0DE5500B97A04 /* Products */ = {
			isa = PBXGroup;
			children = (
				1DE6665527F0DE5500B97A04 /* CapstonTest2.app */,
				1DE6666527F0DE5800B97A04 /* CapstonTest2Tests.xctest */,
				1DE6666F27F0DE5800B97A04 /* CapstonTest2UITests.xctest */,
			);
			name = Products;
			sourceTree = "<group>";
		};
		1DE6665727F0DE5500B97A04 /* CapstonTest2 */ = {
			isa = PBXGroup;
			children = (
				1DE6665827F0DE5500B97A04 /* CapstonTest2App.swift */,
				1DE6668C27F2715400B97A04 /* Views */,
				1DE6665C27F0DE5800B97A04 /* Assets.xcassets */,
				1DE6668D27F2716D00B97A04 /* Model */,
				1DE6668E27F2717B00B97A04 /* Resources */,
				1DE6665E27F0DE5800B97A04 /* Preview Content */,
			);
			path = CapstonTest2;
			sourceTree = "<group>";
		};
		1DE6665E27F0DE5800B97A04 /* Preview Content */ = {
			isa = PBXGroup;
			children = (
				1DE6665F27F0DE5800B97A04 /* Preview Assets.xcassets */,
			);
			path = "Preview Content";
			sourceTree = "<group>";
		};
		1DE6666827F0DE5800B97A04 /* CapstonTest2Tests */ = {
			isa = PBXGroup;
			children = (
				1DE6666927F0DE5800B97A04 /* CapstonTest2Tests.swift */,
			);
			path = CapstonTest2Tests;
			sourceTree = "<group>";
		};
		1DE6667227F0DE5800B97A04 /* CapstonTest2UITests */ = {
			isa = PBXGroup;
			children = (
				1DE6667327F0DE5800B97A04 /* CapstonTest2UITests.swift */,
				1DE6667527F0DE5800B97A04 /* CapstonTest2UITestsLaunchTests.swift */,
			);
			path = CapstonTest2UITests;
			sourceTree = "<group>";
		};
		1DE6668C27F2715400B97A04 /* Views */ = {
			isa = PBXGroup;
			children = (
				1DE6668427F0E17F00B97A04 /* MapView.swift */,
				1DE6665A27F0DE5500B97A04 /* ContentView.swift */,
				1DE6668227F0E0BB00B97A04 /* CircleImage.swift */,
				1DE6668F27F271BC00B97A04 /* LandmarkRow.swift */,
				1DE6669127F273DB00B97A04 /* LandmarkList.swift */,
				1DE6669327F274F200B97A04 /* LandmarkDetail.swift */,
			);
			path = Views;
			sourceTree = "<group>";
		};
		1DE6668D27F2716D00B97A04 /* Model */ = {
			isa = PBXGroup;
			children = (
				1DE6668827F26F3800B97A04 /* Landmark.swift */,
				1DE6668A27F2710600B97A04 /* ModelData.swift */,
			);
			path = Model;
			sourceTree = "<group>";
		};
		1DE6668E27F2717B00B97A04 /* Resources */ = {
			isa = PBXGroup;
			children = (
				1DE6668627F26F0E00B97A04 /* landmarkData.json */,
			);
			path = Resources;
			sourceTree = "<group>";
		};
/* End PBXGroup section */

/* Begin PBXNativeTarget section */
		1DE6665427F0DE5500B97A04 /* CapstonTest2 */ = {
			isa = PBXNativeTarget;
			buildConfigurationList = 1DE6667927F0DE5800B97A04 /* Build configuration list for PBXNativeTarget "CapstonTest2" */;
			buildPhases = (
				1DE6665127F0DE5500B97A04 /* Sources */,
				1DE6665227F0DE5500B97A04 /* Frameworks */,
				1DE6665327F0DE5500B97A04 /* Resources */,
			);
			buildRules = (
			);
			dependencies = (
			);
			name = CapstonTest2;
			productName = CapstonTest2;
			productReference = 1DE6665527F0DE5500B97A04 /* CapstonTest2.app */;
			productType = "com.apple.product-type.application";
		};
		1DE6666427F0DE5800B97A04 /* CapstonTest2Tests */ = {
			isa = PBXNativeTarget;
			buildConfigurationList = 1DE6667C27F0DE5800B97A04 /* Build configuration list for PBXNativeTarget "CapstonTest2Tests" */;
			buildPhases = (
				1DE6666127F0DE5800B97A04 /* Sources */,
				1DE6666227F0DE5800B97A04 /* Frameworks */,
				1DE6666327F0DE5800B97A04 /* Resources */,
			);
			buildRules = (
			);
			dependencies = (
				1DE6666727F0DE5800B97A04 /* PBXTargetDependency */,
			);
			name = CapstonTest2Tests;
			productName = CapstonTest2Tests;
			productReference = 1DE6666527F0DE5800B97A04 /* CapstonTest2Tests.xctest */;
			productType = "com.apple.product-type.bundle.unit-test";
		};
		1DE6666E27F0DE5800B97A04 /* CapstonTest2UITests */ = {
			isa = PBXNativeTarget;
			buildConfigurationList = 1DE6667F27F0DE5800B97A04 /* Build configuration list for PBXNativeTarget "CapstonTest2UITests" */;
			buildPhases = (
				1DE6666B27F0DE5800B97A04 /* Sources */,
				1DE6666C27F0DE5800B97A04 /* Frameworks */,
				1DE6666D27F0DE5800B97A04 /* Resources */,
			);
			buildRules = (
			);
			dependencies = (
				1DE6667127F0DE5800B97A04 /* PBXTargetDependency */,
			);
			name = CapstonTest2UITests;
			productName = CapstonTest2UITests;
			productReference = 1DE6666F27F0DE5800B97A04 /* CapstonTest2UITests.xctest */;
			productType = "com.apple.product-type.bundle.ui-testing";
		};
/* End PBXNativeTarget section */

/* Begin PBXProject section */
		1DE6664D27F0DE5500B97A04 /* Project object */ = {
			isa = PBXProject;
			attributes = {
				BuildIndependentTargetsInParallel = 1;
				LastSwiftUpdateCheck = 1330;
				LastUpgradeCheck = 1330;
				TargetAttributes = {
					1DE6665427F0DE5500B97A04 = {
						CreatedOnToolsVersion = 13.3;
					};
					1DE6666427F0DE5800B97A04 = {
						CreatedOnToolsVersion = 13.3;
						TestTargetID = 1DE6665427F0DE5500B97A04;
					};
					1DE6666E27F0DE5800B97A04 = {
						CreatedOnToolsVersion = 13.3;
						TestTargetID = 1DE6665427F0DE5500B97A04;
					};
				};
			};
			buildConfigurationList = 1DE6665027F0DE5500B97A04 /* Build configuration list for PBXProject "CapstonTest2" */;
			compatibilityVersion = "Xcode 13.0";
			developmentRegion = en;
			hasScannedForEncodings = 0;
			knownRegions = (
				en,
				Base,
			);
			mainGroup = 1DE6664C27F0DE5500B97A04;
			productRefGroup = 1DE6665627F0DE5500B97A04 /* Products */;
			projectDirPath = "";
			projectRoot = "";
			targets = (
				1DE6665427F0DE5500B97A04 /* CapstonTest2 */,
				1DE6666427F0DE5800B97A04 /* CapstonTest2Tests */,
				1DE6666E27F0DE5800B97A04 /* CapstonTest2UITests */,
			);
		};
/* End PBXProject section */

/* Begin PBXResourcesBuildPhase section */
		1DE6665327F0DE5500B97A04 /* Resources */ = {
			isa = PBXResourcesBuildPhase;
			buildActionMask = 2147483647;
			files = (
				1DE6666027F0DE5800B97A04 /* Preview Assets.xcassets in Resources */,
				1DE6665D27F0DE5800B97A04 /* Assets.xcassets in Resources */,
				1DE6668727F26F0F00B97A04 /* landmarkData.json in Resources */,
			);
			runOnlyForDeploymentPostprocessing = 0;
		};
		1DE6666327F0DE5800B97A04 /* Resources */ = {
			isa = PBXResourcesBuildPhase;
			buildActionMask = 2147483647;
			files = (
			);
			runOnlyForDeploymentPostprocessing = 0;
		};
		1DE6666D27F0DE5800B97A04 /* Resources */ = {
			isa = PBXResourcesBuildPhase;
			buildActionMask = 2147483647;
			files = (
			);
			runOnlyForDeploymentPostprocessing = 0;
		};
/* End PBXResourcesBuildPhase section */

/* Begin PBXSourcesBuildPhase section */
		1DE6665127F0DE5500B97A04 /* Sources */ = {
			isa = PBXSourcesBuildPhase;
			buildActionMask = 2147483647;
			files = (
				1DE6665B27F0DE5500B97A04 /* ContentView.swift in Sources */,
				1DE6668327F0E0BB00B97A04 /* CircleImage.swift in Sources */,
				1DE6668527F0E17F00B97A04 /* MapView.swift in Sources */,
				1DE6669227F273DB00B97A04 /* LandmarkList.swift in Sources */,
				1DE6669427F274F200B97A04 /* LandmarkDetail.swift in Sources */,
				1DE6665927F0DE5500B97A04 /* CapstonTest2App.swift in Sources */,
				1DE6668927F26F3800B97A04 /* Landmark.swift in Sources */,
				1DE6669027F271BC00B97A04 /* LandmarkRow.swift in Sources */,
				1DE6668B27F2710600B97A04 /* ModelData.swift in Sources */,
			);
			runOnlyForDeploymentPostprocessing = 0;
		};
		1DE6666127F0DE5800B97A04 /* Sources */ = {
			isa = PBXSourcesBuildPhase;
			buildActionMask = 2147483647;
			files = (
				1DE6666A27F0DE5800B97A04 /* CapstonTest2Tests.swift in Sources */,
			);
			runOnlyForDeploymentPostprocessing = 0;
		};
		1DE6666B27F0DE5800B97A04 /* Sources */ = {
			isa = PBXSourcesBuildPhase;
			buildActionMask = 2147483647;
			files = (
				1DE6667627F0DE5800B97A04 /* CapstonTest2UITestsLaunchTests.swift in Sources */,
				1DE6667427F0DE5800B97A04 /* CapstonTest2UITests.swift in Sources */,
			);
			runOnlyForDeploymentPostprocessing = 0;
		};
/* End PBXSourcesBuildPhase section */

/* Begin PBXTargetDependency section */
		1DE6666727F0DE5800B97A04 /* PBXTargetDependency */ = {
			isa = PBXTargetDependency;
			target = 1DE6665427F0DE5500B97A04 /* CapstonTest2 */;
			targetProxy = 1DE6666627F0DE5800B97A04 /* PBXContainerItemProxy */;
		};
		1DE6667127F0DE5800B97A04 /* PBXTargetDependency */ = {
			isa = PBXTargetDependency;
			target = 1DE6665427F0DE5500B97A04 /* CapstonTest2 */;
			targetProxy = 1DE6667027F0DE5800B97A04 /* PBXContainerItemProxy */;
		};
/* End PBXTargetDependency section */

/* Begin XCBuildConfiguration section */
		1DE6667727F0DE5800B97A04 /* Debug */ = {
			isa = XCBuildConfiguration;
			buildSettings = {
				ALWAYS_SEARCH_USER_PATHS = NO;
				CLANG_ANALYZER_NONNULL = YES;
				CLANG_ANALYZER_NUMBER_OBJECT_CONVERSION = YES_AGGRESSIVE;
				CLANG_CXX_LANGUAGE_STANDARD = "gnu++17";
				CLANG_ENABLE_MODULES = YES;
				CLANG_ENABLE_OBJC_ARC = YES;
				CLANG_ENABLE_OBJC_WEAK = YES;
				CLANG_WARN_BLOCK_CAPTURE_AUTORELEASING = YES;
				CLANG_WARN_BOOL_CONVERSION = YES;
				CLANG_WARN_COMMA = YES;
				CLANG_WARN_CONSTANT_CONVERSION = YES;
				CLANG_WARN_DEPRECATED_OBJC_IMPLEMENTATIONS = YES;
				CLANG_WARN_DIRECT_OBJC_ISA_USAGE = YES_ERROR;
				CLANG_WARN_DOCUMENTATION_COMMENTS = YES;
				CLANG_WARN_EMPTY_BODY = YES;
				CLANG_WARN_ENUM_CONVERSION = YES;
				CLANG_WARN_INFINITE_RECURSION = YES;
				CLANG_WARN_INT_CONVERSION = YES;
				CLANG_WARN_NON_LITERAL_NULL_CONVERSION = YES;
				CLANG_WARN_OBJC_IMPLICIT_RETAIN_SELF = YES;
				CLANG_WARN_OBJC_LITERAL_CONVERSION = YES;
				CLANG_WARN_OBJC_ROOT_CLASS = YES_ERROR;
				CLANG_WARN_QUOTED_INCLUDE_IN_FRAMEWORK_HEADER = YES;
				CLANG_WARN_RANGE_LOOP_ANALYSIS = YES;
				CLANG_WARN_STRICT_PROTOTYPES = YES;
				CLANG_WARN_SUSPICIOUS_MOVE = YES;
				CLANG_WARN_UNGUARDED_AVAILABILITY = YES_AGGRESSIVE;
				CLANG_WARN_UNREACHABLE_CODE = YES;
				CLANG_WARN__DUPLICATE_METHOD_MATCH = YES;
				COPY_PHASE_STRIP = NO;
				DEBUG_INFORMATION_FORMAT = dwarf;
				ENABLE_STRICT_OBJC_MSGSEND = YES;
				ENABLE_TESTABILITY = YES;
				GCC_C_LANGUAGE_STANDARD = gnu11;
				GCC_DYNAMIC_NO_PIC = NO;
				GCC_NO_COMMON_BLOCKS = YES;
				GCC_OPTIMIZATION_LEVEL = 0;
				GCC_PREPROCESSOR_DEFINITIONS = (
					"DEBUG=1",
					"$(inherited)",
				);
				GCC_WARN_64_TO_32_BIT_CONVERSION = YES;
				GCC_WARN_ABOUT_RETURN_TYPE = YES_ERROR;
				GCC_WARN_UNDECLARED_SELECTOR = YES;
				GCC_WARN_UNINITIALIZED_AUTOS = YES_AGGRESSIVE;
				GCC_WARN_UNUSED_FUNCTION = YES;
				GCC_WARN_UNUSED_VARIABLE = YES;
				IPHONEOS_DEPLOYMENT_TARGET = 15.4;
				MTL_ENABLE_DEBUG_INFO = INCLUDE_SOURCE;
				MTL_FAST_MATH = YES;
				ONLY_ACTIVE_ARCH = YES;
				SDKROOT = iphoneos;
				SWIFT_ACTIVE_COMPILATION_CONDITIONS = DEBUG;
				SWIFT_OPTIMIZATION_LEVEL = "-Onone";
			};
			name = Debug;
		};
		1DE6667827F0DE5800B97A04 /* Release */ = {
			isa = XCBuildConfiguration;
			buildSettings = {
				ALWAYS_SEARCH_USER_PATHS = NO;
				CLANG_ANALYZER_NONNULL = YES;
				CLANG_ANALYZER_NUMBER_OBJECT_CONVERSION = YES_AGGRESSIVE;
				CLANG_CXX_LANGUAGE_STANDARD = "gnu++17";
				CLANG_ENABLE_MODULES = YES;
				CLANG_ENABLE_OBJC_ARC = YES;
				CLANG_ENABLE_OBJC_WEAK = YES;
				CLANG_WARN_BLOCK_CAPTURE_AUTORELEASING = YES;
				CLANG_WARN_BOOL_CONVERSION = YES;
				CLANG_WARN_COMMA = YES;
				CLANG_WARN_CONSTANT_CONVERSION = YES;
				CLANG_WARN_DEPRECATED_OBJC_IMPLEMENTATIONS = YES;
				CLANG_WARN_DIRECT_OBJC_ISA_USAGE = YES_ERROR;
				CLANG_WARN_DOCUMENTATION_COMMENTS = YES;
				CLANG_WARN_EMPTY_BODY = YES;
				CLANG_WARN_ENUM_CONVERSION = YES;
				CLANG_WARN_INFINITE_RECURSION = YES;
				CLANG_WARN_INT_CONVERSION = YES;
				CLANG_WARN_NON_LITERAL_NULL_CONVERSION = YES;
				CLANG_WARN_OBJC_IMPLICIT_RETAIN_SELF = YES;
				CLANG_WARN_OBJC_LITERAL_CONVERSION = YES;
				CLANG_WARN_OBJC_ROOT_CLASS = YES_ERROR;
				CLANG_WARN_QUOTED_INCLUDE_IN_FRAMEWORK_HEADER = YES;
				CLANG_WARN_RANGE_LOOP_ANALYSIS = YES;
				CLANG_WARN_STRICT_PROTOTYPES = YES;
				CLANG_WARN_SUSPICIOUS_MOVE = YES;
				CLANG_WARN_UNGUARDED_AVAILABILITY = YES_AGGRESSIVE;
				CLANG_WARN_UNREACHABLE_CODE = YES;
				CLANG_WARN__DUPLICATE_METHOD_MATCH = YES;
				COPY_PHASE_STRIP = NO;
				DEBUG_INFORMATION_FORMAT = "dwarf-with-dsym";
				ENABLE_NS_ASSERTIONS = NO;
				ENABLE_STRICT_OBJC_MSGSEND = YES;
				GCC_C_LANGUAGE_STANDARD = gnu11;
				GCC_NO_COMMON_BLOCKS = YES;
				GCC_WARN_64_TO_32_BIT_CONVERSION = YES;
				GCC_WARN_ABOUT_RETURN_TYPE = YES_ERROR;
				GCC_WARN_UNDECLARED_SELECTOR = YES;
				GCC_WARN_UNINITIALIZED_AUTOS = YES_AGGRESSIVE;
				GCC_WARN_UNUSED_FUNCTION = YES;
				GCC_WARN_UNUSED_VARIABLE = YES;
				IPHONEOS_DEPLOYMENT_TARGET = 15.4;
				MTL_ENABLE_DEBUG_INFO = NO;
				MTL_FAST_MATH = YES;
				SDKROOT = iphoneos;
				SWIFT_COMPILATION_MODE = wholemodule;
				SWIFT_OPTIMIZATION_LEVEL = "-O";
				VALIDATE_PRODUCT = YES;
			};
			name = Release;
		};
		1DE6667A27F0DE5800B97A04 /* Debug */ = {
			isa = XCBuildConfiguration;
			buildSettings = {
				ASSETCATALOG_COMPILER_APPICON_NAME = AppIcon;
				ASSETCATALOG_COMPILER_GLOBAL_ACCENT_COLOR_NAME = AccentColor;
				CODE_SIGN_STYLE = Automatic;
				CURRENT_PROJECT_VERSION = 1;
				DEVELOPMENT_ASSET_PATHS = "\"CapstonTest2/Preview Content\"";
				DEVELOPMENT_TEAM = YQZJF26P66;
				ENABLE_PREVIEWS = YES;
				GENERATE_INFOPLIST_FILE = YES;
				INFOPLIST_KEY_UIApplicationSceneManifest_Generation = YES;
				INFOPLIST_KEY_UIApplicationSupportsIndirectInputEvents = YES;
				INFOPLIST_KEY_UILaunchScreen_Generation = YES;
				INFOPLIST_KEY_UISupportedInterfaceOrientations_iPad = "UIInterfaceOrientationPortrait UIInterfaceOrientationPortraitUpsideDown UIInterfaceOrientationLandscapeLeft UIInterfaceOrientationLandscapeRight";
				INFOPLIST_KEY_UISupportedInterfaceOrientations_iPhone = "UIInterfaceOrientationPortrait UIInterfaceOrientationLandscapeLeft UIInterfaceOrientationLandscapeRight";
				LD_RUNPATH_SEARCH_PATHS = (
					"$(inherited)",
					"@executable_path/Frameworks",
				);
				MARKETING_VERSION = 1.0;
				PRODUCT_BUNDLE_IDENTIFIER = CS2420.CapstonTest2;
				PRODUCT_NAME = "$(TARGET_NAME)";
				SWIFT_EMIT_LOC_STRINGS = YES;
				SWIFT_VERSION = 5.0;
				TARGETED_DEVICE_FAMILY = "1,2";
			};
			name = Debug;
		};
		1DE6667B27F0DE5800B97A04 /* Release */ = {
			isa = XCBuildConfiguration;
			buildSettings = {
				ASSETCATALOG_COMPILER_APPICON_NAME = AppIcon;
				ASSETCATALOG_COMPILER_GLOBAL_ACCENT_COLOR_NAME = AccentColor;
				CODE_SIGN_STYLE = Automatic;
				CURRENT_PROJECT_VERSION = 1;
				DEVELOPMENT_ASSET_PATHS = "\"CapstonTest2/Preview Content\"";
				DEVELOPMENT_TEAM = YQZJF26P66;
				ENABLE_PREVIEWS = YES;
				GENERATE_INFOPLIST_FILE = YES;
				INFOPLIST_KEY_UIApplicationSceneManifest_Generation = YES;
				INFOPLIST_KEY_UIApplicationSupportsIndirectInputEvents = YES;
				INFOPLIST_KEY_UILaunchScreen_Generation = YES;
				INFOPLIST_KEY_UISupportedInterfaceOrientations_iPad = "UIInterfaceOrientationPortrait UIInterfaceOrientationPortraitUpsideDown UIInterfaceOrientationLandscapeLeft UIInterfaceOrientationLandscapeRight";
				INFOPLIST_KEY_UISupportedInterfaceOrientations_iPhone = "UIInterfaceOrientationPortrait UIInterfaceOrientationLandscapeLeft UIInterfaceOrientationLandscapeRight";
				LD_RUNPATH_SEARCH_PATHS = (
					"$(inherited)",
					"@executable_path/Frameworks",
				);
				MARKETING_VERSION = 1.0;
				PRODUCT_BUNDLE_IDENTIFIER = CS2420.CapstonTest2;
				PRODUCT_NAME = "$(TARGET_NAME)";
				SWIFT_EMIT_LOC_STRINGS = YES;
				SWIFT_VERSION = 5.0;
				TARGETED_DEVICE_FAMILY = "1,2";
			};
			name = Release;
		};
		1DE6667D27F0DE5800B97A04 /* Debug */ = {
			isa = XCBuildConfiguration;
			buildSettings = {
				ALWAYS_EMBED_SWIFT_STANDARD_LIBRARIES = YES;
				BUNDLE_LOADER = "$(TEST_HOST)";
				CODE_SIGN_STYLE = Automatic;
				CURRENT_PROJECT_VERSION = 1;
				DEVELOPMENT_TEAM = YQZJF26P66;
				GENERATE_INFOPLIST_FILE = YES;
				IPHONEOS_DEPLOYMENT_TARGET = 15.4;
				MARKETING_VERSION = 1.0;
				PRODUCT_BUNDLE_IDENTIFIER = CS2420.CapstonTest2Tests;
				PRODUCT_NAME = "$(TARGET_NAME)";
				SWIFT_EMIT_LOC_STRINGS = NO;
				SWIFT_VERSION = 5.0;
				TARGETED_DEVICE_FAMILY = "1,2";
				TEST_HOST = "$(BUILT_PRODUCTS_DIR)/CapstonTest2.app/CapstonTest2";
			};
			name = Debug;
		};
		1DE6667E27F0DE5800B97A04 /* Release */ = {
			isa = XCBuildConfiguration;
			buildSettings = {
				ALWAYS_EMBED_SWIFT_STANDARD_LIBRARIES = YES;
				BUNDLE_LOADER = "$(TEST_HOST)";
				CODE_SIGN_STYLE = Automatic;
				CURRENT_PROJECT_VERSION = 1;
				DEVELOPMENT_TEAM = YQZJF26P66;
				GENERATE_INFOPLIST_FILE = YES;
				IPHONEOS_DEPLOYMENT_TARGET = 15.4;
				MARKETING_VERSION = 1.0;
				PRODUCT_BUNDLE_IDENTIFIER = CS2420.CapstonTest2Tests;
				PRODUCT_NAME = "$(TARGET_NAME)";
				SWIFT_EMIT_LOC_STRINGS = NO;
				SWIFT_VERSION = 5.0;
				TARGETED_DEVICE_FAMILY = "1,2";
				TEST_HOST = "$(BUILT_PRODUCTS_DIR)/CapstonTest2.app/CapstonTest2";
			};
			name = Release;
		};
		1DE6668027F0DE5800B97A04 /* Debug */ = {
			isa = XCBuildConfiguration;
			buildSettings = {
				ALWAYS_EMBED_SWIFT_STANDARD_LIBRARIES = YES;
				CODE_SIGN_STYLE = Automatic;
				CURRENT_PROJECT_VERSION = 1;
				DEVELOPMENT_TEAM = YQZJF26P66;
				GENERATE_INFOPLIST_FILE = YES;
				MARKETING_VERSION = 1.0;
				PRODUCT_BUNDLE_IDENTIFIER = CS2420.CapstonTest2UITests;
				PRODUCT_NAME = "$(TARGET_NAME)";
				SWIFT_EMIT_LOC_STRINGS = NO;
				SWIFT_VERSION = 5.0;
				TARGETED_DEVICE_FAMILY = "1,2";
				TEST_TARGET_NAME = CapstonTest2;
			};
			name = Debug;
		};
		1DE6668127F0DE5800B97A04 /* Release */ = {
			isa = XCBuildConfiguration;
			buildSettings = {
				ALWAYS_EMBED_SWIFT_STANDARD_LIBRARIES = YES;
				CODE_SIGN_STYLE = Automatic;
				CURRENT_PROJECT_VERSION = 1;
				DEVELOPMENT_TEAM = YQZJF26P66;
				GENERATE_INFOPLIST_FILE = YES;
				MARKETING_VERSION = 1.0;
				PRODUCT_BUNDLE_IDENTIFIER = CS2420.CapstonTest2UITests;
				PRODUCT_NAME = "$(TARGET_NAME)";
				SWIFT_EMIT_LOC_STRINGS = NO;
				SWIFT_VERSION = 5.0;
				TARGETED_DEVICE_FAMILY = "1,2";
				TEST_TARGET_NAME = CapstonTest2;
			};
			name = Release;
		};
/* End XCBuildConfiguration section */

/* Begin XCConfigurationList section */
		1DE6665027F0DE5500B97A04 /* Build configuration list for PBXProject "CapstonTest2" */ = {
			isa = XCConfigurationList;
			buildConfigurations = (
				1DE6667727F0DE5800B97A04 /* Debug */,
				1DE6667827F0DE5800B97A04 /* Release */,
			);
			defaultConfigurationIsVisible = 0;
			defaultConfigurationName = Release;
		};
		1DE6667927F0DE5800B97A04 /* Build configuration list for PBXNativeTarget "CapstonTest2" */ = {
			isa = XCConfigurationList;
			buildConfigurations = (
				1DE6667A27F0DE5800B97A04 /* Debug */,
				1DE6667B27F0DE5800B97A04 /* Release */,
			);
			defaultConfigurationIsVisible = 0;
			defaultConfigurationName = Release;
		};
		1DE6667C27F0DE5800B97A04 /* Build configuration list for PBXNativeTarget "CapstonTest2Tests" */ = {
			isa = XCConfigurationList;
			buildConfigurations = (
				1DE6667D27F0DE5800B97A04 /* Debug */,
				1DE6667E27F0DE5800B97A04 /* Release */,
			);
			defaultConfigurationIsVisible = 0;
			defaultConfigurationName = Release;
		};
		1DE6667F27F0DE5800B97A04 /* Build configuration list for PBXNativeTarget "CapstonTest2UITests" */ = {
			isa = XCConfigurationList;
			buildConfigurations = (
				1DE6668027F0DE5800B97A04 /* Debug */,
				1DE6668127F0DE5800B97A04 /* Release */,
			);
			defaultConfigurationIsVisible = 0;
			defaultConfigurationName = Release;
		};
/* End XCConfigurationList section */
	};
	rootObject = 1DE6664D27F0DE5500B97A04 /* Project object */;
}
